
Microsoft Visual Studio Solution File, Format Version 11.00
# Visual Studio 2010
# SharpDevelop 4.4
Project("{FAE04EC0-301F-11D3-BF4B-00C04F79EFBC}") = "WMI Displayer", "WMI Displayer.csproj", "{CF534364-FAA6-4E10-B0D2-8B07D043E2AF}"
EndProject
Global
	GlobalSection(SolutionConfigurationPlatforms) = preSolution
		Debug|Any CPU = Debug|Any CPU
		Release|Any CPU = Release|Any CPU
	EndGlobalSection
	GlobalSection(ProjectConfigurationPlatforms) = postSolution
		{CF534364-FAA6-4E10-B0D2-8B07D043E2AF}.Debug|Any CPU.Build.0 = Debug|Any CPU
		{CF534364-FAA6-4E10-B0D2-8B07D043E2AF}.Debug|Any CPU.ActiveCfg = Debug|Any CPU
		{CF534364-FAA6-4E10-B0D2-8B07D043E2AF}.Release|Any CPU.Build.0 = Release|Any CPU
		{CF534364-FAA6-4E10-B0D2-8B07D043E2AF}.Release|Any CPU.ActiveCfg = Release|Any CPU
	EndGlobalSection
EndGlobal
